
Microsoft Visual Studio Solution File, Format Version 12.00
# Visual Studio Version 17
VisualStudioVersion = 17.5.002.0
MinimumVisualStudioVersion = 10.0.40219.1
Project("{9A19103F-16F7-4668-BE54-9A1E7A4F7556}") = "Imc", "Imc.csproj", "{701E15A8-31DE-4CCD-86F1-05651EB25DBA}"
EndProject
Global
	GlobalSection(SolutionConfigurationPlatforms) = preSolution
		Debug|Any CPU = Debug|Any CPU
		Release|Any CPU = Release|Any CPU
	EndGlobalSection
	GlobalSection(ProjectConfigurationPlatforms) = postSolution
		{701E15A8-31DE-4CCD-86F1-05651EB25DBA}.Debug|Any CPU.ActiveCfg = Debug|Any CPU
		{701E15A8-31DE-4CCD-86F1-05651EB25DBA}.Debug|Any CPU.Build.0 = Debug|Any CPU
		{701E15A8-31DE-4CCD-86F1-05651EB25DBA}.Release|Any CPU.ActiveCfg = Release|Any CPU
		{701E15A8-31DE-4CCD-86F1-05651EB25DBA}.Release|Any CPU.Build.0 = Release|Any CPU
	EndGlobalSection
	GlobalSection(SolutionProperties) = preSolution
		HideSolutionNode = FALSE
	EndGlobalSection
	GlobalSection(ExtensibilityGlobals) = postSolution
		SolutionGuid = {AF1EE230-89C8-4EAC-8D40-CE70FA88154D}
	EndGlobalSection
EndGlobal
